
Microsoft Visual Studio Solution File, Format Version 12.00
# Visual Studio Version 17
VisualStudioVersion = 17.7.34031.279
MinimumVisualStudioVersion = 10.0.40219.1
Project("{FAE04EC0-301F-11D3-BF4B-00C04F79EFBC}") = "RestAPI", "RestAPI\RestAPI.csproj", "{CEED3D6D-E4E1-46A8-9B82-DDC73518A1A3}"
EndProject
Global
	GlobalSection(SolutionConfigurationPlatforms) = preSolution
		Debug|Any CPU = Debug|Any CPU
		Release|Any CPU = Release|Any CPU
	EndGlobalSection
	GlobalSection(ProjectConfigurationPlatforms) = postSolution
		{CEED3D6D-E4E1-46A8-9B82-DDC73518A1A3}.Debug|Any CPU.ActiveCfg = Debug|Any CPU
		{CEED3D6D-E4E1-46A8-9B82-DDC73518A1A3}.Debug|Any CPU.Build.0 = Debug|Any CPU
		{CEED3D6D-E4E1-46A8-9B82-DDC73518A1A3}.Release|Any CPU.ActiveCfg = Release|Any CPU
		{CEED3D6D-E4E1-46A8-9B82-DDC73518A1A3}.Release|Any CPU.Build.0 = Release|Any CPU
	EndGlobalSection
	GlobalSection(SolutionProperties) = preSolution
		HideSolutionNode = FALSE
	EndGlobalSection
	GlobalSection(ExtensibilityGlobals) = postSolution
		SolutionGuid = {425F19EC-A745-4A14-B77B-5F1F514490DC}
	EndGlobalSection
EndGlobal
